// !$*UTF8*$!
{
	archiveVersion = 1;
	classes = {
	};
	objectVersion = 46;
	objects = {

/* Begin PBXBuildFile section */
		523A1D0F1E269A7D00C794EF /* Document.swift in Sources */ = {isa = PBXBuildFile; fileRef = 523A1D0C1E269A7D00C794EF /* Document.swift */; };
		523A1D111E269A7D00C794EF /* WebView.swift in Sources */ = {isa = PBXBuildFile; fileRef = 523A1D0E1E269A7D00C794EF /* WebView.swift */; };
		523A1D151E269AA800C794EF /* WebView.bundle in Resources */ = {isa = PBXBuildFile; fileRef = 523A1D141E269AA800C794EF /* WebView.bundle */; };
		523A1D1C1E269F9700C794EF /* Aurelius.framework in Frameworks */ = {isa = PBXBuildFile; fileRef = 523A1D1B1E269F9700C794EF /* Aurelius.framework */; };
		523A1D1D1E269F9700C794EF /* Aurelius.framework in Embed Frameworks */ = {isa = PBXBuildFile; fileRef = 523A1D1B1E269F9700C794EF /* Aurelius.framework */; settings = {ATTRIBUTES = (CodeSignOnCopy, RemoveHeadersOnCopy, ); }; };
		523A1D2E1E26A25700C794EF /* cmark.md in Sources */ = {isa = PBXBuildFile; fileRef = 523A1D2B1E26A25700C794EF /* cmark.md */; };
		523A1D2F1E26A25700C794EF /* maxwell.md in Sources */ = {isa = PBXBuildFile; fileRef = 523A1D2C1E26A25700C794EF /* maxwell.md */; };
		523A1D301E26A25700C794EF /* ramanujan.md in Sources */ = {isa = PBXBuildFile; fileRef = 523A1D2D1E26A25700C794EF /* ramanujan.md */; };
		523A1D311E26A2A700C794EF /* cmark.md in Resources */ = {isa = PBXBuildFile; fileRef = 523A1D2B1E26A25700C794EF /* cmark.md */; };
		523A1D321E26A2A700C794EF /* maxwell.md in Resources */ = {isa = PBXBuildFile; fileRef = 523A1D2C1E26A25700C794EF /* maxwell.md */; };
		523A1D331E26A2A700C794EF /* ramanujan.md in Resources */ = {isa = PBXBuildFile; fileRef = 523A1D2D1E26A25700C794EF /* ramanujan.md */; };
		523A1D351E26A92A00C794EF /* CommonMark spec.md in Sources */ = {isa = PBXBuildFile; fileRef = 523A1D341E26A92A00C794EF /* CommonMark spec.md */; };
		523A1D361E26AA3700C794EF /* CommonMark spec.md in Resources */ = {isa = PBXBuildFile; fileRef = 523A1D341E26A92A00C794EF /* CommonMark spec.md */; };
		523A1D691E27047E00C794EF /* AppCoordinator.swift in Sources */ = {isa = PBXBuildFile; fileRef = 523A1D5A1E27047E00C794EF /* AppCoordinator.swift */; };
		523A1D6A1E27047E00C794EF /* AppDelegate.swift in Sources */ = {isa = PBXBuildFile; fileRef = 523A1D5B1E27047E00C794EF /* AppDelegate.swift */; };
		523A1D6B1E27047E00C794EF /* Assets.xcassets in Resources */ = {isa = PBXBuildFile; fileRef = 523A1D5C1E27047E00C794EF /* Assets.xcassets */; };
		523A1D6C1E27047E00C794EF /* LaunchScreen.storyboard in Resources */ = {isa = PBXBuildFile; fileRef = 523A1D5E1E27047E00C794EF /* LaunchScreen.storyboard */; };
		523A1D6D1E27047E00C794EF /* DocumentsViewController.swift in Sources */ = {isa = PBXBuildFile; fileRef = 523A1D601E27047E00C794EF /* DocumentsViewController.swift */; };
		523A1D6E1E27047E00C794EF /* UIStoryboard+Helpers.swift in Sources */ = {isa = PBXBuildFile; fileRef = 523A1D621E27047E00C794EF /* UIStoryboard+Helpers.swift */; };
		523A1D6F1E27047E00C794EF /* HtmlViewController.swift in Sources */ = {isa = PBXBuildFile; fileRef = 523A1D631E27047E00C794EF /* HtmlViewController.swift */; };
		523A1D711E27047E00C794EF /* Main.storyboard in Resources */ = {isa = PBXBuildFile; fileRef = 523A1D651E27047E00C794EF /* Main.storyboard */; };
		523A1D721E27047E00C794EF /* MarkdownViewController.swift in Sources */ = {isa = PBXBuildFile; fileRef = 523A1D661E27047E00C794EF /* MarkdownViewController.swift */; };
		523A1D731E27047E00C794EF /* UIView+Helpers.swift in Sources */ = {isa = PBXBuildFile; fileRef = 523A1D681E27047E00C794EF /* UIView+Helpers.swift */; };
		523A1D921E27056600C794EF /* AppDelegate.swift in Sources */ = {isa = PBXBuildFile; fileRef = 523A1D8A1E27056600C794EF /* AppDelegate.swift */; };
		523A1D931E27056600C794EF /* Assets.xcassets in Resources */ = {isa = PBXBuildFile; fileRef = 523A1D8B1E27056600C794EF /* Assets.xcassets */; };
		523A1D941E27056600C794EF /* Main.storyboard in Resources */ = {isa = PBXBuildFile; fileRef = 523A1D8D1E27056600C794EF /* Main.storyboard */; };
		523A1D961E27056600C794EF /* ViewController.swift in Sources */ = {isa = PBXBuildFile; fileRef = 523A1D911E27056600C794EF /* ViewController.swift */; };
		523A1D9F1E2706D600C794EF /* Document.swift in Sources */ = {isa = PBXBuildFile; fileRef = 523A1D0C1E269A7D00C794EF /* Document.swift */; };
		523A1DA01E2706D900C794EF /* WebView.swift in Sources */ = {isa = PBXBuildFile; fileRef = 523A1D0E1E269A7D00C794EF /* WebView.swift */; };
		523A1DA11E2706DC00C794EF /* WebView.bundle in Resources */ = {isa = PBXBuildFile; fileRef = 523A1D141E269AA800C794EF /* WebView.bundle */; };
		523A1DAA1E2707FA00C794EF /* iOS_Tests.swift in Sources */ = {isa = PBXBuildFile; fileRef = 523A1DA91E2707FA00C794EF /* iOS_Tests.swift */; };
		523A1DB81E27081100C794EF /* macOS_Tests.swift in Sources */ = {isa = PBXBuildFile; fileRef = 523A1DB71E27081100C794EF /* macOS_Tests.swift */; };
/* End PBXBuildFile section */

/* Begin PBXContainerItemProxy section */
		523A1DAC1E2707FA00C794EF /* PBXContainerItemProxy */ = {
			isa = PBXContainerItemProxy;
			containerPortal = 523A1CD11E2690D200C794EF /* Project object */;
			proxyType = 1;
			remoteGlobalIDString = 523A1CDA1E2690EA00C794EF;
			remoteInfo = "Telescope iOS";
		};
		523A1DBA1E27081100C794EF /* PBXContainerItemProxy */ = {
			isa = PBXContainerItemProxy;
			containerPortal = 523A1CD11E2690D200C794EF /* Project object */;
			proxyType = 1;
			remoteGlobalIDString = 523A1D3A1E26BCAC00C794EF;
			remoteInfo = "Telescope macOS";
		};
/* End PBXContainerItemProxy section */

/* Begin PBXCopyFilesBuildPhase section */
		523A1D1E1E269F9700C794EF /* Embed Frameworks */ = {
			isa = PBXCopyFilesBuildPhase;
			buildActionMask = 2147483647;
			dstPath = "";
			dstSubfolderSpec = 10;
			files = (
				523A1D1D1E269F9700C794EF /* Aurelius.framework in Embed Frameworks */,
			);
			name = "Embed Frameworks";
			runOnlyForDeploymentPostprocessing = 0;
		};
/* End PBXCopyFilesBuildPhase section */

/* Begin PBXFileReference section */
		523A1CDB1E2690EA00C794EF /* Telescope.app */ = {isa = PBXFileReference; explicitFileType = wrapper.application; includeInIndex = 0; path = Telescope.app; sourceTree = BUILT_PRODUCTS_DIR; };
		523A1D0C1E269A7D00C794EF /* Document.swift */ = {isa = PBXFileReference; fileEncoding = 4; lastKnownFileType = sourcecode.swift; path = Document.swift; sourceTree = "<group>"; };
		523A1D0E1E269A7D00C794EF /* WebView.swift */ = {isa = PBXFileReference; fileEncoding = 4; lastKnownFileType = sourcecode.swift; path = WebView.swift; sourceTree = "<group>"; };
		523A1D141E269AA800C794EF /* WebView.bundle */ = {isa = PBXFileReference; lastKnownFileType = "wrapper.plug-in"; path = WebView.bundle; sourceTree = "<group>"; };
		523A1D1B1E269F9700C794EF /* Aurelius.framework */ = {isa = PBXFileReference; explicitFileType = wrapper.framework; path = Aurelius.framework; sourceTree = BUILT_PRODUCTS_DIR; };
		523A1D2B1E26A25700C794EF /* cmark.md */ = {isa = PBXFileReference; fileEncoding = 4; lastKnownFileType = net.daringfireball.markdown; path = cmark.md; sourceTree = "<group>"; };
		523A1D2C1E26A25700C794EF /* maxwell.md */ = {isa = PBXFileReference; fileEncoding = 4; lastKnownFileType = net.daringfireball.markdown; path = maxwell.md; sourceTree = "<group>"; };
		523A1D2D1E26A25700C794EF /* ramanujan.md */ = {isa = PBXFileReference; fileEncoding = 4; lastKnownFileType = net.daringfireball.markdown; path = ramanujan.md; sourceTree = "<group>"; };
		523A1D341E26A92A00C794EF /* CommonMark spec.md */ = {isa = PBXFileReference; fileEncoding = 4; lastKnownFileType = net.daringfireball.markdown; path = "CommonMark spec.md"; sourceTree = "<group>"; };
		523A1D3B1E26BCAC00C794EF /* Telescope macOS.app */ = {isa = PBXFileReference; explicitFileType = wrapper.application; includeInIndex = 0; path = "Telescope macOS.app"; sourceTree = BUILT_PRODUCTS_DIR; };
		523A1D5A1E27047E00C794EF /* AppCoordinator.swift */ = {isa = PBXFileReference; fileEncoding = 4; lastKnownFileType = sourcecode.swift; name = AppCoordinator.swift; path = iOS/AppCoordinator.swift; sourceTree = SOURCE_ROOT; };
		523A1D5B1E27047E00C794EF /* AppDelegate.swift */ = {isa = PBXFileReference; fileEncoding = 4; lastKnownFileType = sourcecode.swift; name = AppDelegate.swift; path = iOS/AppDelegate.swift; sourceTree = SOURCE_ROOT; };
		523A1D5C1E27047E00C794EF /* Assets.xcassets */ = {isa = PBXFileReference; lastKnownFileType = folder.assetcatalog; name = Assets.xcassets; path = iOS/Assets.xcassets; sourceTree = SOURCE_ROOT; };
		523A1D5F1E27047E00C794EF /* Base */ = {isa = PBXFileReference; lastKnownFileType = file.storyboard; name = Base; path = LaunchScreen.storyboard; sourceTree = "<group>"; };
		523A1D601E27047E00C794EF /* DocumentsViewController.swift */ = {isa = PBXFileReference; fileEncoding = 4; lastKnownFileType = sourcecode.swift; name = DocumentsViewController.swift; path = iOS/DocumentsViewController.swift; sourceTree = SOURCE_ROOT; };
		523A1D621E27047E00C794EF /* UIStoryboard+Helpers.swift */ = {isa = PBXFileReference; fileEncoding = 4; lastKnownFileType = sourcecode.swift; path = "UIStoryboard+Helpers.swift"; sourceTree = "<group>"; };
		523A1D631E27047E00C794EF /* HtmlViewController.swift */ = {isa = PBXFileReference; fileEncoding = 4; lastKnownFileType = sourcecode.swift; name = HtmlViewController.swift; path = iOS/HtmlViewController.swift; sourceTree = SOURCE_ROOT; };
		523A1D641E27047E00C794EF /* Info.plist */ = {isa = PBXFileReference; fileEncoding = 4; lastKnownFileType = text.plist.xml; name = Info.plist; path = iOS/Info.plist; sourceTree = SOURCE_ROOT; };
		523A1D651E27047E00C794EF /* Main.storyboard */ = {isa = PBXFileReference; fileEncoding = 4; lastKnownFileType = file.storyboard; name = Main.storyboard; path = iOS/Main.storyboard; sourceTree = SOURCE_ROOT; };
		523A1D661E27047E00C794EF /* MarkdownViewController.swift */ = {isa = PBXFileReference; fileEncoding = 4; lastKnownFileType = sourcecode.swift; name = MarkdownViewController.swift; path = iOS/MarkdownViewController.swift; sourceTree = SOURCE_ROOT; };
		523A1D671E27047E00C794EF /* Telescope.entitlements */ = {isa = PBXFileReference; fileEncoding = 4; lastKnownFileType = text.plist.entitlements; name = Telescope.entitlements; path = iOS/Telescope.entitlements; sourceTree = SOURCE_ROOT; };
		523A1D681E27047E00C794EF /* UIView+Helpers.swift */ = {isa = PBXFileReference; fileEncoding = 4; lastKnownFileType = sourcecode.swift; name = "UIView+Helpers.swift"; path = "iOS/UIView+Helpers.swift"; sourceTree = SOURCE_ROOT; };
		523A1D8A1E27056600C794EF /* AppDelegate.swift */ = {isa = PBXFileReference; fileEncoding = 4; lastKnownFileType = sourcecode.swift; name = AppDelegate.swift; path = macOS/AppDelegate.swift; sourceTree = SOURCE_ROOT; };
		523A1D8B1E27056600C794EF /* Assets.xcassets */ = {isa = PBXFileReference; lastKnownFileType = folder.assetcatalog; name = Assets.xcassets; path = macOS/Assets.xcassets; sourceTree = SOURCE_ROOT; };
		523A1D8E1E27056600C794EF /* Base */ = {isa = PBXFileReference; lastKnownFileType = file.storyboard; name = Base; path = Main.storyboard; sourceTree = "<group>"; };
		523A1D8F1E27056600C794EF /* Info.plist */ = {isa = PBXFileReference; fileEncoding = 4; lastKnownFileType = text.plist.xml; name = Info.plist; path = macOS/Info.plist; sourceTree = SOURCE_ROOT; };
		523A1D911E27056600C794EF /* ViewController.swift */ = {isa = PBXFileReference; fileEncoding = 4; lastKnownFileType = sourcecode.swift; name = ViewController.swift; path = macOS/ViewController.swift; sourceTree = SOURCE_ROOT; };
		523A1DA21E27072A00C794EF /* Telescope_macOS.entitlements */ = {isa = PBXFileReference; lastKnownFileType = text.plist.entitlements; path = Telescope_macOS.entitlements; sourceTree = SOURCE_ROOT; };
		523A1DA71E2707FA00C794EF /* iOS Tests.xctest */ = {isa = PBXFileReference; explicitFileType = wrapper.cfbundle; includeInIndex = 0; path = "iOS Tests.xctest"; sourceTree = BUILT_PRODUCTS_DIR; };
		523A1DA91E2707FA00C794EF /* iOS_Tests.swift */ = {isa = PBXFileReference; lastKnownFileType = sourcecode.swift; path = iOS_Tests.swift; sourceTree = "<group>"; };
		523A1DAB1E2707FA00C794EF /* Info.plist */ = {isa = PBXFileReference; lastKnownFileType = text.plist.xml; path = Info.plist; sourceTree = "<group>"; };
		523A1DB51E27081100C794EF /* macOS Tests.xctest */ = {isa = PBXFileReference; explicitFileType = wrapper.cfbundle; includeInIndex = 0; path = "macOS Tests.xctest"; sourceTree = BUILT_PRODUCTS_DIR; };
		523A1DB71E27081100C794EF /* macOS_Tests.swift */ = {isa = PBXFileReference; lastKnownFileType = sourcecode.swift; path = macOS_Tests.swift; sourceTree = "<group>"; };
		523A1DB91E27081100C794EF /* Info.plist */ = {isa = PBXFileReference; lastKnownFileType = text.plist.xml; path = Info.plist; sourceTree = "<group>"; };
/* End PBXFileReference section */

/* Begin PBXFrameworksBuildPhase section */
		523A1CD81E2690EA00C794EF /* Frameworks */ = {
			isa = PBXFrameworksBuildPhase;
			buildActionMask = 2147483647;
			files = (
				523A1D1C1E269F9700C794EF /* Aurelius.framework in Frameworks */,
			);
			runOnlyForDeploymentPostprocessing = 0;
		};
		523A1D381E26BCAC00C794EF /* Frameworks */ = {
			isa = PBXFrameworksBuildPhase;
			buildActionMask = 2147483647;
			files = (
			);
			runOnlyForDeploymentPostprocessing = 0;
		};
		523A1DA41E2707FA00C794EF /* Frameworks */ = {
			isa = PBXFrameworksBuildPhase;
			buildActionMask = 2147483647;
			files = (
			);
			runOnlyForDeploymentPostprocessing = 0;
		};
		523A1DB21E27081100C794EF /* Frameworks */ = {
			isa = PBXFrameworksBuildPhase;
			buildActionMask = 2147483647;
			files = (
			);
			runOnlyForDeploymentPostprocessing = 0;
		};
/* End PBXFrameworksBuildPhase section */

/* Begin PBXGroup section */
		523A1CD01E2690D200C794EF = {
			isa = PBXGroup;
			children = (
				523A1D1B1E269F9700C794EF /* Aurelius.framework */,
				523A1D0B1E269A7D00C794EF /* Shared */,
				523A1CDD1E2690EA00C794EF /* iOS */,
				523A1D3C1E26BCAC00C794EF /* macOS */,
				523A1DA81E2707FA00C794EF /* iOS Tests */,
				523A1DB61E27081100C794EF /* macOS Tests */,
				523A1CDC1E2690EA00C794EF /* Products */,
				523A1D9C1E2705C300C794EF /* Frameworks */,
			);
			sourceTree = "<group>";
		};
		523A1CDC1E2690EA00C794EF /* Products */ = {
			isa = PBXGroup;
			children = (
				523A1CDB1E2690EA00C794EF /* Telescope.app */,
				523A1D3B1E26BCAC00C794EF /* Telescope macOS.app */,
				523A1DA71E2707FA00C794EF /* iOS Tests.xctest */,
				523A1DB51E27081100C794EF /* macOS Tests.xctest */,
			);
			name = Products;
			sourceTree = "<group>";
		};
		523A1CDD1E2690EA00C794EF /* iOS */ = {
			isa = PBXGroup;
			children = (
				523A1D5B1E27047E00C794EF /* AppDelegate.swift */,
				523A1D5A1E27047E00C794EF /* AppCoordinator.swift */,
				523A1D601E27047E00C794EF /* DocumentsViewController.swift */,
				523A1D661E27047E00C794EF /* MarkdownViewController.swift */,
				523A1D631E27047E00C794EF /* HtmlViewController.swift */,
				523A1D611E27047E00C794EF /* Helpers */,
				523A1D651E27047E00C794EF /* Main.storyboard */,
				523A1D5E1E27047E00C794EF /* LaunchScreen.storyboard */,
				523A1D5C1E27047E00C794EF /* Assets.xcassets */,
				523A1D641E27047E00C794EF /* Info.plist */,
				523A1D671E27047E00C794EF /* Telescope.entitlements */,
				523A1D2A1E26A25700C794EF /* Samples */,
			);
			name = iOS;
			path = Telescope_iOS;
			sourceTree = "<group>";
		};
		523A1D0B1E269A7D00C794EF /* Shared */ = {
			isa = PBXGroup;
			children = (
				523A1D0C1E269A7D00C794EF /* Document.swift */,
				523A1D0E1E269A7D00C794EF /* WebView.swift */,
				523A1D131E269AA800C794EF /* Resources */,
			);
			path = Shared;
			sourceTree = "<group>";
		};
		523A1D131E269AA800C794EF /* Resources */ = {
			isa = PBXGroup;
			children = (
				523A1D141E269AA800C794EF /* WebView.bundle */,
			);
			path = Resources;
			sourceTree = "<group>";
		};
		523A1D2A1E26A25700C794EF /* Samples */ = {
			isa = PBXGroup;
			children = (
				523A1D2B1E26A25700C794EF /* cmark.md */,
				523A1D341E26A92A00C794EF /* CommonMark spec.md */,
				523A1D2C1E26A25700C794EF /* maxwell.md */,
				523A1D2D1E26A25700C794EF /* ramanujan.md */,
			);
			name = Samples;
			path = ../../Samples;
			sourceTree = "<group>";
		};
		523A1D3C1E26BCAC00C794EF /* macOS */ = {
			isa = PBXGroup;
			children = (
				523A1D8A1E27056600C794EF /* AppDelegate.swift */,
				523A1D911E27056600C794EF /* ViewController.swift */,
				523A1D8D1E27056600C794EF /* Main.storyboard */,
				523A1D8B1E27056600C794EF /* Assets.xcassets */,
				523A1DA21E27072A00C794EF /* Telescope_macOS.entitlements */,
				523A1D8F1E27056600C794EF /* Info.plist */,
			);
			name = macOS;
			path = Telescope_macOS;
			sourceTree = "<group>";
		};
		523A1D611E27047E00C794EF /* Helpers */ = {
			isa = PBXGroup;
			children = (
				523A1D621E27047E00C794EF /* UIStoryboard+Helpers.swift */,
				523A1D681E27047E00C794EF /* UIView+Helpers.swift */,
			);
			name = Helpers;
			path = iOS/Helpers;
			sourceTree = SOURCE_ROOT;
		};
		523A1D9C1E2705C300C794EF /* Frameworks */ = {
			isa = PBXGroup;
			children = (
			);
			name = Frameworks;
			sourceTree = "<group>";
		};
		523A1DA81E2707FA00C794EF /* iOS Tests */ = {
			isa = PBXGroup;
			children = (
				523A1DA91E2707FA00C794EF /* iOS_Tests.swift */,
				523A1DAB1E2707FA00C794EF /* Info.plist */,
			);
			path = "iOS Tests";
			sourceTree = "<group>";
		};
		523A1DB61E27081100C794EF /* macOS Tests */ = {
			isa = PBXGroup;
			children = (
				523A1DB71E27081100C794EF /* macOS_Tests.swift */,
				523A1DB91E27081100C794EF /* Info.plist */,
			);
			path = "macOS Tests";
			sourceTree = "<group>";
		};
/* End PBXGroup section */

/* Begin PBXNativeTarget section */
		523A1CDA1E2690EA00C794EF /* Telescope iOS */ = {
			isa = PBXNativeTarget;
			buildConfigurationList = 523A1CF61E2690EA00C794EF /* Build configuration list for PBXNativeTarget "Telescope iOS" */;
			buildPhases = (
				523A1CD71E2690EA00C794EF /* Sources */,
				523A1CD81E2690EA00C794EF /* Frameworks */,
				523A1CD91E2690EA00C794EF /* Resources */,
				523A1D1E1E269F9700C794EF /* Embed Frameworks */,
			);
			buildRules = (
			);
			dependencies = (
			);
			name = "Telescope iOS";
			productName = Telescope_iOS;
			productReference = 523A1CDB1E2690EA00C794EF /* Telescope.app */;
			productType = "com.apple.product-type.application";
		};
		523A1D3A1E26BCAC00C794EF /* Telescope macOS */ = {
			isa = PBXNativeTarget;
			buildConfigurationList = 523A1D521E26BCAD00C794EF /* Build configuration list for PBXNativeTarget "Telescope macOS" */;
			buildPhases = (
				523A1D371E26BCAC00C794EF /* Sources */,
				523A1D381E26BCAC00C794EF /* Frameworks */,
				523A1D391E26BCAC00C794EF /* Resources */,
			);
			buildRules = (
			);
			dependencies = (
			);
			name = "Telescope macOS";
			productName = Telescope_macOS;
			productReference = 523A1D3B1E26BCAC00C794EF /* Telescope macOS.app */;
			productType = "com.apple.product-type.application";
		};
		523A1DA61E2707FA00C794EF /* iOS Tests */ = {
			isa = PBXNativeTarget;
			buildConfigurationList = 523A1DAE1E2707FA00C794EF /* Build configuration list for PBXNativeTarget "iOS Tests" */;
			buildPhases = (
				523A1DA31E2707FA00C794EF /* Sources */,
				523A1DA41E2707FA00C794EF /* Frameworks */,
				523A1DA51E2707FA00C794EF /* Resources */,
			);
			buildRules = (
			);
			dependencies = (
				523A1DAD1E2707FA00C794EF /* PBXTargetDependency */,
			);
			name = "iOS Tests";
			productName = "iOS Tests";
			productReference = 523A1DA71E2707FA00C794EF /* iOS Tests.xctest */;
			productType = "com.apple.product-type.bundle.unit-test";
		};
		523A1DB41E27081100C794EF /* macOS Tests */ = {
			isa = PBXNativeTarget;
			buildConfigurationList = 523A1DBC1E27081100C794EF /* Build configuration list for PBXNativeTarget "macOS Tests" */;
			buildPhases = (
				523A1DB11E27081100C794EF /* Sources */,
				523A1DB21E27081100C794EF /* Frameworks */,
				523A1DB31E27081100C794EF /* Resources */,
			);
			buildRules = (
			);
			dependencies = (
				523A1DBB1E27081100C794EF /* PBXTargetDependency */,
			);
			name = "macOS Tests";
			productName = "macOS Tests";
			productReference = 523A1DB51E27081100C794EF /* macOS Tests.xctest */;
			productType = "com.apple.product-type.bundle.unit-test";
		};
/* End PBXNativeTarget section */

/* Begin PBXProject section */
		523A1CD11E2690D200C794EF /* Project object */ = {
			isa = PBXProject;
			attributes = {
				LastSwiftUpdateCheck = 0820;
				LastUpgradeCheck = 0820;
				TargetAttributes = {
					523A1CDA1E2690EA00C794EF = {
						CreatedOnToolsVersion = 8.2.1;
						DevelopmentTeam = 55SVD8WGE3;
						ProvisioningStyle = Automatic;
						SystemCapabilities = {
							com.apple.Push = {
								enabled = 1;
							};
							com.apple.iCloud = {
								enabled = 1;
							};
						};
					};
					523A1D3A1E26BCAC00C794EF = {
						CreatedOnToolsVersion = 8.2.1;
						DevelopmentTeam = 55SVD8WGE3;
						LastSwiftMigration = 0820;
						ProvisioningStyle = Automatic;
						SystemCapabilities = {
							com.apple.Sandbox = {
								enabled = 1;
							};
							com.apple.iCloud = {
								enabled = 1;
							};
						};
					};
					523A1DA61E2707FA00C794EF = {
						CreatedOnToolsVersion = 8.2.1;
						DevelopmentTeam = 55SVD8WGE3;
						ProvisioningStyle = Automatic;
						TestTargetID = 523A1CDA1E2690EA00C794EF;
					};
					523A1DB41E27081100C794EF = {
						CreatedOnToolsVersion = 8.2.1;
						DevelopmentTeam = 55SVD8WGE3;
						ProvisioningStyle = Automatic;
						TestTargetID = 523A1D3A1E26BCAC00C794EF;
					};
				};
			};
			buildConfigurationList = 523A1CD41E2690D200C794EF /* Build configuration list for PBXProject "Telescope" */;
			compatibilityVersion = "Xcode 3.2";
			developmentRegion = English;
			hasScannedForEncodings = 0;
			knownRegions = (
				en,
				Base,
			);
			mainGroup = 523A1CD01E2690D200C794EF;
			productRefGroup = 523A1CDC1E2690EA00C794EF /* Products */;
			projectDirPath = "";
			projectRoot = "";
			targets = (
				523A1CDA1E2690EA00C794EF /* Telescope iOS */,
				523A1D3A1E26BCAC00C794EF /* Telescope macOS */,
				523A1DA61E2707FA00C794EF /* iOS Tests */,
				523A1DB41E27081100C794EF /* macOS Tests */,
			);
		};
/* End PBXProject section */

/* Begin PBXResourcesBuildPhase section */
		523A1CD91E2690EA00C794EF /* Resources */ = {
			isa = PBXResourcesBuildPhase;
			buildActionMask = 2147483647;
			files = (
				523A1D361E26AA3700C794EF /* CommonMark spec.md in Resources */,
				523A1D311E26A2A700C794EF /* cmark.md in Resources */,
				523A1D321E26A2A700C794EF /* maxwell.md in Resources */,
				523A1D331E26A2A700C794EF /* ramanujan.md in Resources */,
				523A1D6C1E27047E00C794EF /* LaunchScreen.storyboard in Resources */,
				523A1D711E27047E00C794EF /* Main.storyboard in Resources */,
				523A1D6B1E27047E00C794EF /* Assets.xcassets in Resources */,
				523A1D151E269AA800C794EF /* WebView.bundle in Resources */,
			);
			runOnlyForDeploymentPostprocessing = 0;
		};
		523A1D391E26BCAC00C794EF /* Resources */ = {
			isa = PBXResourcesBuildPhase;
			buildActionMask = 2147483647;
			files = (
				523A1D931E27056600C794EF /* Assets.xcassets in Resources */,
				523A1DA11E2706DC00C794EF /* WebView.bundle in Resources */,
				523A1D941E27056600C794EF /* Main.storyboard in Resources */,
			);
			runOnlyForDeploymentPostprocessing = 0;
		};
		523A1DA51E2707FA00C794EF /* Resources */ = {
			isa = PBXResourcesBuildPhase;
			buildActionMask = 2147483647;
			files = (
			);
			runOnlyForDeploymentPostprocessing = 0;
		};
		523A1DB31E27081100C794EF /* Resources */ = {
			isa = PBXResourcesBuildPhase;
			buildActionMask = 2147483647;
			files = (
			);
			runOnlyForDeploymentPostprocessing = 0;
		};
/* End PBXResourcesBuildPhase section */

/* Begin PBXSourcesBuildPhase section */
		523A1CD71E2690EA00C794EF /* Sources */ = {
			isa = PBXSourcesBuildPhase;
			buildActionMask = 2147483647;
			files = (
				523A1D6A1E27047E00C794EF /* AppDelegate.swift in Sources */,
				523A1D301E26A25700C794EF /* ramanujan.md in Sources */,
				523A1D2F1E26A25700C794EF /* maxwell.md in Sources */,
				523A1D0F1E269A7D00C794EF /* Document.swift in Sources */,
				523A1D351E26A92A00C794EF /* CommonMark spec.md in Sources */,
				523A1D111E269A7D00C794EF /* WebView.swift in Sources */,
				523A1D6F1E27047E00C794EF /* HtmlViewController.swift in Sources */,
				523A1D6E1E27047E00C794EF /* UIStoryboard+Helpers.swift in Sources */,
				523A1D6D1E27047E00C794EF /* DocumentsViewController.swift in Sources */,
				523A1D731E27047E00C794EF /* UIView+Helpers.swift in Sources */,
				523A1D721E27047E00C794EF /* MarkdownViewController.swift in Sources */,
				523A1D2E1E26A25700C794EF /* cmark.md in Sources */,
				523A1D691E27047E00C794EF /* AppCoordinator.swift in Sources */,
			);
			runOnlyForDeploymentPostprocessing = 0;
		};
		523A1D371E26BCAC00C794EF /* Sources */ = {
			isa = PBXSourcesBuildPhase;
			buildActionMask = 2147483647;
			files = (
				523A1D9F1E2706D600C794EF /* Document.swift in Sources */,
				523A1DA01E2706D900C794EF /* WebView.swift in Sources */,
				523A1D961E27056600C794EF /* ViewController.swift in Sources */,
				523A1D921E27056600C794EF /* AppDelegate.swift in Sources */,
			);
			runOnlyForDeploymentPostprocessing = 0;
		};
		523A1DA31E2707FA00C794EF /* Sources */ = {
			isa = PBXSourcesBuildPhase;
			buildActionMask = 2147483647;
			files = (
				523A1DAA1E2707FA00C794EF /* iOS_Tests.swift in Sources */,
			);
			runOnlyForDeploymentPostprocessing = 0;
		};
		523A1DB11E27081100C794EF /* Sources */ = {
			isa = PBXSourcesBuildPhase;
			buildActionMask = 2147483647;
			files = (
				523A1DB81E27081100C794EF /* macOS_Tests.swift in Sources */,
			);
			runOnlyForDeploymentPostprocessing = 0;
		};
/* End PBXSourcesBuildPhase section */

/* Begin PBXTargetDependency section */
		523A1DAD1E2707FA00C794EF /* PBXTargetDependency */ = {
			isa = PBXTargetDependency;
			target = 523A1CDA1E2690EA00C794EF /* Telescope iOS */;
			targetProxy = 523A1DAC1E2707FA00C794EF /* PBXContainerItemProxy */;
		};
		523A1DBB1E27081100C794EF /* PBXTargetDependency */ = {
			isa = PBXTargetDependency;
			target = 523A1D3A1E26BCAC00C794EF /* Telescope macOS */;
			targetProxy = 523A1DBA1E27081100C794EF /* PBXContainerItemProxy */;
		};
/* End PBXTargetDependency section */

/* Begin PBXVariantGroup section */
		523A1D5E1E27047E00C794EF /* LaunchScreen.storyboard */ = {
			isa = PBXVariantGroup;
			children = (
				523A1D5F1E27047E00C794EF /* Base */,
			);
			name = LaunchScreen.storyboard;
			path = ../iOS/Base.lproj;
			sourceTree = "<group>";
		};
		523A1D8D1E27056600C794EF /* Main.storyboard */ = {
			isa = PBXVariantGroup;
			children = (
				523A1D8E1E27056600C794EF /* Base */,
			);
			name = Main.storyboard;
			path = ../macOS/Base.lproj;
			sourceTree = "<group>";
		};
/* End PBXVariantGroup section */

/* Begin XCBuildConfiguration section */
		523A1CD51E2690D200C794EF /* Debug */ = {
			isa = XCBuildConfiguration;
			buildSettings = {
			};
			name = Debug;
		};
		523A1CD61E2690D200C794EF /* Release */ = {
			isa = XCBuildConfiguration;
			buildSettings = {
			};
			name = Release;
		};
		523A1CF71E2690EA00C794EF /* Debug */ = {
			isa = XCBuildConfiguration;
			buildSettings = {
				ALWAYS_SEARCH_USER_PATHS = NO;
				ASSETCATALOG_COMPILER_APPICON_NAME = AppIcon;
				CLANG_ANALYZER_NONNULL = YES;
				CLANG_CXX_LANGUAGE_STANDARD = "gnu++0x";
				CLANG_CXX_LIBRARY = "libc++";
				CLANG_ENABLE_MODULES = YES;
				CLANG_ENABLE_OBJC_ARC = YES;
				CLANG_WARN_BOOL_CONVERSION = YES;
				CLANG_WARN_CONSTANT_CONVERSION = YES;
				CLANG_WARN_DIRECT_OBJC_ISA_USAGE = YES_ERROR;
				CLANG_WARN_DOCUMENTATION_COMMENTS = YES;
				CLANG_WARN_EMPTY_BODY = YES;
				CLANG_WARN_ENUM_CONVERSION = YES;
				CLANG_WARN_INFINITE_RECURSION = YES;
				CLANG_WARN_INT_CONVERSION = YES;
				CLANG_WARN_OBJC_ROOT_CLASS = YES_ERROR;
				CLANG_WARN_SUSPICIOUS_MOVE = YES;
				CLANG_WARN_UNREACHABLE_CODE = YES;
				CLANG_WARN__DUPLICATE_METHOD_MATCH = YES;
				CODE_SIGN_ENTITLEMENTS = Telescope.entitlements;
				"CODE_SIGN_IDENTITY[sdk=iphoneos*]" = "iPhone Developer";
				COPY_PHASE_STRIP = NO;
				DEBUG_INFORMATION_FORMAT = dwarf;
				DEVELOPMENT_TEAM = 55SVD8WGE3;
				ENABLE_STRICT_OBJC_MSGSEND = YES;
				ENABLE_TESTABILITY = YES;
				GCC_C_LANGUAGE_STANDARD = gnu99;
				GCC_DYNAMIC_NO_PIC = NO;
				GCC_NO_COMMON_BLOCKS = YES;
				GCC_OPTIMIZATION_LEVEL = 0;
				GCC_PREPROCESSOR_DEFINITIONS = (
					"DEBUG=1",
					"$(inherited)",
				);
				GCC_WARN_64_TO_32_BIT_CONVERSION = YES;
				GCC_WARN_ABOUT_RETURN_TYPE = YES_ERROR;
				GCC_WARN_UNDECLARED_SELECTOR = YES;
				GCC_WARN_UNINITIALIZED_AUTOS = YES_AGGRESSIVE;
				GCC_WARN_UNUSED_FUNCTION = YES;
				GCC_WARN_UNUSED_VARIABLE = YES;
				INFOPLIST_FILE = "$(SRCROOT)/iOS/Info.plist";
				IPHONEOS_DEPLOYMENT_TARGET = 10.2;
				LD_RUNPATH_SEARCH_PATHS = "$(inherited) @executable_path/Frameworks";
				MTL_ENABLE_DEBUG_INFO = YES;
				ONLY_ACTIVE_ARCH = YES;
				PRODUCT_BUNDLE_IDENTIFIER = "com.proxpero.Telescope-iOS";
				PRODUCT_NAME = Telescope;
				SDKROOT = iphoneos;
				SWIFT_ACTIVE_COMPILATION_CONDITIONS = DEBUG;
				SWIFT_OPTIMIZATION_LEVEL = "-Onone";
				SWIFT_VERSION = 3.0;
				TARGETED_DEVICE_FAMILY = "1,2";
			};
			name = Debug;
		};
		523A1CF81E2690EA00C794EF /* Release */ = {
			isa = XCBuildConfiguration;
			buildSettings = {
				ALWAYS_SEARCH_USER_PATHS = NO;
				ASSETCATALOG_COMPILER_APPICON_NAME = AppIcon;
				CLANG_ANALYZER_NONNULL = YES;
				CLANG_CXX_LANGUAGE_STANDARD = "gnu++0x";
				CLANG_CXX_LIBRARY = "libc++";
				CLANG_ENABLE_MODULES = YES;
				CLANG_ENABLE_OBJC_ARC = YES;
				CLANG_WARN_BOOL_CONVERSION = YES;
				CLANG_WARN_CONSTANT_CONVERSION = YES;
				CLANG_WARN_DIRECT_OBJC_ISA_USAGE = YES_ERROR;
				CLANG_WARN_DOCUMENTATION_COMMENTS = YES;
				CLANG_WARN_EMPTY_BODY = YES;
				CLANG_WARN_ENUM_CONVERSION = YES;
				CLANG_WARN_INFINITE_RECURSION = YES;
				CLANG_WARN_INT_CONVERSION = YES;
				CLANG_WARN_OBJC_ROOT_CLASS = YES_ERROR;
				CLANG_WARN_SUSPICIOUS_MOVE = YES;
				CLANG_WARN_UNREACHABLE_CODE = YES;
				CLANG_WARN__DUPLICATE_METHOD_MATCH = YES;
				CODE_SIGN_ENTITLEMENTS = Telescope.entitlements;
				"CODE_SIGN_IDENTITY[sdk=iphoneos*]" = "iPhone Developer";
				COPY_PHASE_STRIP = NO;
				DEBUG_INFORMATION_FORMAT = "dwarf-with-dsym";
				DEVELOPMENT_TEAM = 55SVD8WGE3;
				ENABLE_NS_ASSERTIONS = NO;
				ENABLE_STRICT_OBJC_MSGSEND = YES;
				GCC_C_LANGUAGE_STANDARD = gnu99;
				GCC_NO_COMMON_BLOCKS = YES;
				GCC_WARN_64_TO_32_BIT_CONVERSION = YES;
				GCC_WARN_ABOUT_RETURN_TYPE = YES_ERROR;
				GCC_WARN_UNDECLARED_SELECTOR = YES;
				GCC_WARN_UNINITIALIZED_AUTOS = YES_AGGRESSIVE;
				GCC_WARN_UNUSED_FUNCTION = YES;
				GCC_WARN_UNUSED_VARIABLE = YES;
				INFOPLIST_FILE = "$(SRCROOT)/iOS/Info.plist";
				IPHONEOS_DEPLOYMENT_TARGET = 10.2;
				LD_RUNPATH_SEARCH_PATHS = "$(inherited) @executable_path/Frameworks";
				MTL_ENABLE_DEBUG_INFO = NO;
				PRODUCT_BUNDLE_IDENTIFIER = "com.proxpero.Telescope-iOS";
				PRODUCT_NAME = Telescope;
				SDKROOT = iphoneos;
				SWIFT_OPTIMIZATION_LEVEL = "-Owholemodule";
				SWIFT_VERSION = 3.0;
				TARGETED_DEVICE_FAMILY = "1,2";
				VALIDATE_PRODUCT = YES;
			};
			name = Release;
		};
		523A1D531E26BCAD00C794EF /* Debug */ = {
			isa = XCBuildConfiguration;
			buildSettings = {
				ALWAYS_SEARCH_USER_PATHS = NO;
				ASSETCATALOG_COMPILER_APPICON_NAME = AppIcon;
				CLANG_ANALYZER_NONNULL = YES;
				CLANG_CXX_LANGUAGE_STANDARD = "gnu++0x";
				CLANG_CXX_LIBRARY = "libc++";
				CLANG_ENABLE_MODULES = YES;
				CLANG_ENABLE_OBJC_ARC = YES;
				CLANG_WARN_BOOL_CONVERSION = YES;
				CLANG_WARN_CONSTANT_CONVERSION = YES;
				CLANG_WARN_DIRECT_OBJC_ISA_USAGE = YES_ERROR;
				CLANG_WARN_DOCUMENTATION_COMMENTS = YES;
				CLANG_WARN_EMPTY_BODY = YES;
				CLANG_WARN_ENUM_CONVERSION = YES;
				CLANG_WARN_INFINITE_RECURSION = YES;
				CLANG_WARN_INT_CONVERSION = YES;
				CLANG_WARN_OBJC_ROOT_CLASS = YES_ERROR;
				CLANG_WARN_SUSPICIOUS_MOVE = YES;
				CLANG_WARN_UNREACHABLE_CODE = YES;
				CLANG_WARN__DUPLICATE_METHOD_MATCH = YES;
				CODE_SIGN_ENTITLEMENTS = Telescope.entitlements;
				CODE_SIGN_IDENTITY = "Mac Developer";
				COMBINE_HIDPI_IMAGES = YES;
				COPY_PHASE_STRIP = NO;
				DEBUG_INFORMATION_FORMAT = dwarf;
				DEVELOPMENT_TEAM = 55SVD8WGE3;
				ENABLE_STRICT_OBJC_MSGSEND = YES;
				ENABLE_TESTABILITY = YES;
				GCC_C_LANGUAGE_STANDARD = gnu99;
				GCC_DYNAMIC_NO_PIC = NO;
				GCC_NO_COMMON_BLOCKS = YES;
				GCC_OPTIMIZATION_LEVEL = 0;
				GCC_PREPROCESSOR_DEFINITIONS = (
					"DEBUG=1",
					"$(inherited)",
				);
				GCC_WARN_64_TO_32_BIT_CONVERSION = YES;
				GCC_WARN_ABOUT_RETURN_TYPE = YES_ERROR;
				GCC_WARN_UNDECLARED_SELECTOR = YES;
				GCC_WARN_UNINITIALIZED_AUTOS = YES_AGGRESSIVE;
				GCC_WARN_UNUSED_FUNCTION = YES;
				GCC_WARN_UNUSED_VARIABLE = YES;
				INFOPLIST_FILE = "$(SRCROOT)/macOS/Info.plist";
				LD_RUNPATH_SEARCH_PATHS = "$(inherited) @executable_path/../Frameworks";
				MACOSX_DEPLOYMENT_TARGET = 10.12;
				MTL_ENABLE_DEBUG_INFO = YES;
				ONLY_ACTIVE_ARCH = YES;
				PRODUCT_BUNDLE_IDENTIFIER = "com.proxpero.Telescope-macOS";
				PRODUCT_NAME = "$(TARGET_NAME)";
				SDKROOT = macosx;
				SWIFT_ACTIVE_COMPILATION_CONDITIONS = DEBUG;
				SWIFT_OPTIMIZATION_LEVEL = "-Onone";
				SWIFT_VERSION = 3.0;
			};
			name = Debug;
		};
		523A1D541E26BCAD00C794EF /* Release */ = {
			isa = XCBuildConfiguration;
			buildSettings = {
				ALWAYS_SEARCH_USER_PATHS = NO;
				ASSETCATALOG_COMPILER_APPICON_NAME = AppIcon;
				CLANG_ANALYZER_NONNULL = YES;
				CLANG_CXX_LANGUAGE_STANDARD = "gnu++0x";
				CLANG_CXX_LIBRARY = "libc++";
				CLANG_ENABLE_MODULES = YES;
				CLANG_ENABLE_OBJC_ARC = YES;
				CLANG_WARN_BOOL_CONVERSION = YES;
				CLANG_WARN_CONSTANT_CONVERSION = YES;
				CLANG_WARN_DIRECT_OBJC_ISA_USAGE = YES_ERROR;
				CLANG_WARN_DOCUMENTATION_COMMENTS = YES;
				CLANG_WARN_EMPTY_BODY = YES;
				CLANG_WARN_ENUM_CONVERSION = YES;
				CLANG_WARN_INFINITE_RECURSION = YES;
				CLANG_WARN_INT_CONVERSION = YES;
				CLANG_WARN_OBJC_ROOT_CLASS = YES_ERROR;
				CLANG_WARN_SUSPICIOUS_MOVE = YES;
				CLANG_WARN_UNREACHABLE_CODE = YES;
				CLANG_WARN__DUPLICATE_METHOD_MATCH = YES;
				CODE_SIGN_ENTITLEMENTS = Telescope.entitlements;
				CODE_SIGN_IDENTITY = "Mac Developer";
				COMBINE_HIDPI_IMAGES = YES;
				COPY_PHASE_STRIP = NO;
				DEBUG_INFORMATION_FORMAT = "dwarf-with-dsym";
				DEVELOPMENT_TEAM = 55SVD8WGE3;
				ENABLE_NS_ASSERTIONS = NO;
				ENABLE_STRICT_OBJC_MSGSEND = YES;
				GCC_C_LANGUAGE_STANDARD = gnu99;
				GCC_NO_COMMON_BLOCKS = YES;
				GCC_WARN_64_TO_32_BIT_CONVERSION = YES;
				GCC_WARN_ABOUT_RETURN_TYPE = YES_ERROR;
				GCC_WARN_UNDECLARED_SELECTOR = YES;
				GCC_WARN_UNINITIALIZED_AUTOS = YES_AGGRESSIVE;
				GCC_WARN_UNUSED_FUNCTION = YES;
				GCC_WARN_UNUSED_VARIABLE = YES;
				INFOPLIST_FILE = "$(SRCROOT)/macOS/Info.plist";
				LD_RUNPATH_SEARCH_PATHS = "$(inherited) @executable_path/../Frameworks";
				MACOSX_DEPLOYMENT_TARGET = 10.12;
				MTL_ENABLE_DEBUG_INFO = NO;
				PRODUCT_BUNDLE_IDENTIFIER = "com.proxpero.Telescope-macOS";
				PRODUCT_NAME = "$(TARGET_NAME)";
				SDKROOT = macosx;
				SWIFT_OPTIMIZATION_LEVEL = "-Owholemodule";
				SWIFT_VERSION = 3.0;
			};
			name = Release;
		};
		523A1DAF1E2707FA00C794EF /* Debug */ = {
			isa = XCBuildConfiguration;
			buildSettings = {
				ALWAYS_SEARCH_USER_PATHS = NO;
				BUNDLE_LOADER = "$(TEST_HOST)";
				CLANG_ANALYZER_NONNULL = YES;
				CLANG_CXX_LANGUAGE_STANDARD = "gnu++0x";
				CLANG_CXX_LIBRARY = "libc++";
				CLANG_ENABLE_MODULES = YES;
				CLANG_ENABLE_OBJC_ARC = YES;
				CLANG_WARN_BOOL_CONVERSION = YES;
				CLANG_WARN_CONSTANT_CONVERSION = YES;
				CLANG_WARN_DIRECT_OBJC_ISA_USAGE = YES_ERROR;
				CLANG_WARN_DOCUMENTATION_COMMENTS = YES;
				CLANG_WARN_EMPTY_BODY = YES;
				CLANG_WARN_ENUM_CONVERSION = YES;
				CLANG_WARN_INFINITE_RECURSION = YES;
				CLANG_WARN_INT_CONVERSION = YES;
				CLANG_WARN_OBJC_ROOT_CLASS = YES_ERROR;
				CLANG_WARN_SUSPICIOUS_MOVE = YES;
				CLANG_WARN_UNREACHABLE_CODE = YES;
				CLANG_WARN__DUPLICATE_METHOD_MATCH = YES;
				"CODE_SIGN_IDENTITY[sdk=iphoneos*]" = "iPhone Developer";
				COPY_PHASE_STRIP = NO;
				DEBUG_INFORMATION_FORMAT = dwarf;
				DEVELOPMENT_TEAM = 55SVD8WGE3;
				ENABLE_STRICT_OBJC_MSGSEND = YES;
				ENABLE_TESTABILITY = YES;
				GCC_C_LANGUAGE_STANDARD = gnu99;
				GCC_DYNAMIC_NO_PIC = NO;
				GCC_NO_COMMON_BLOCKS = YES;
				GCC_OPTIMIZATION_LEVEL = 0;
				GCC_PREPROCESSOR_DEFINITIONS = (
					"DEBUG=1",
					"$(inherited)",
				);
				GCC_WARN_64_TO_32_BIT_CONVERSION = YES;
				GCC_WARN_ABOUT_RETURN_TYPE = YES_ERROR;
				GCC_WARN_UNDECLARED_SELECTOR = YES;
				GCC_WARN_UNINITIALIZED_AUTOS = YES_AGGRESSIVE;
				GCC_WARN_UNUSED_FUNCTION = YES;
				GCC_WARN_UNUSED_VARIABLE = YES;
				INFOPLIST_FILE = "iOS Tests/Info.plist";
				IPHONEOS_DEPLOYMENT_TARGET = 10.2;
				LD_RUNPATH_SEARCH_PATHS = "$(inherited) @executable_path/Frameworks @loader_path/Frameworks";
				MTL_ENABLE_DEBUG_INFO = YES;
				ONLY_ACTIVE_ARCH = YES;
				PRODUCT_BUNDLE_IDENTIFIER = "com.proxpero.iOS-Tests";
				PRODUCT_NAME = "$(TARGET_NAME)";
				SDKROOT = iphoneos;
				SWIFT_ACTIVE_COMPILATION_CONDITIONS = DEBUG;
				SWIFT_OPTIMIZATION_LEVEL = "-Onone";
				SWIFT_VERSION = 3.0;
				TEST_HOST = "$(BUILT_PRODUCTS_DIR)/Telescope.app/Telescope";
			};
			name = Debug;
		};
		523A1DB01E2707FA00C794EF /* Release */ = {
			isa = XCBuildConfiguration;
			buildSettings = {
				ALWAYS_SEARCH_USER_PATHS = NO;
				BUNDLE_LOADER = "$(TEST_HOST)";
				CLANG_ANALYZER_NONNULL = YES;
				CLANG_CXX_LANGUAGE_STANDARD = "gnu++0x";
				CLANG_CXX_LIBRARY = "libc++";
				CLANG_ENABLE_MODULES = YES;
				CLANG_ENABLE_OBJC_ARC = YES;
				CLANG_WARN_BOOL_CONVERSION = YES;
				CLANG_WARN_CONSTANT_CONVERSION = YES;
				CLANG_WARN_DIRECT_OBJC_ISA_USAGE = YES_ERROR;
				CLANG_WARN_DOCUMENTATION_COMMENTS = YES;
				CLANG_WARN_EMPTY_BODY = YES;
				CLANG_WARN_ENUM_CONVERSION = YES;
				CLANG_WARN_INFINITE_RECURSION = YES;
				CLANG_WARN_INT_CONVERSION = YES;
				CLANG_WARN_OBJC_ROOT_CLASS = YES_ERROR;
				CLANG_WARN_SUSPICIOUS_MOVE = YES;
				CLANG_WARN_UNREACHABLE_CODE = YES;
				CLANG_WARN__DUPLICATE_METHOD_MATCH = YES;
				"CODE_SIGN_IDENTITY[sdk=iphoneos*]" = "iPhone Developer";
				COPY_PHASE_STRIP = NO;
				DEBUG_INFORMATION_FORMAT = "dwarf-with-dsym";
				DEVELOPMENT_TEAM = 55SVD8WGE3;
				ENABLE_NS_ASSERTIONS = NO;
				ENABLE_STRICT_OBJC_MSGSEND = YES;
				GCC_C_LANGUAGE_STANDARD = gnu99;
				GCC_NO_COMMON_BLOCKS = YES;
				GCC_WARN_64_TO_32_BIT_CONVERSION = YES;
				GCC_WARN_ABOUT_RETURN_TYPE = YES_ERROR;
				GCC_WARN_UNDECLARED_SELECTOR = YES;
				GCC_WARN_UNINITIALIZED_AUTOS = YES_AGGRESSIVE;
				GCC_WARN_UNUSED_FUNCTION = YES;
				GCC_WARN_UNUSED_VARIABLE = YES;
				INFOPLIST_FILE = "iOS Tests/Info.plist";
				IPHONEOS_DEPLOYMENT_TARGET = 10.2;
				LD_RUNPATH_SEARCH_PATHS = "$(inherited) @executable_path/Frameworks @loader_path/Frameworks";
				MTL_ENABLE_DEBUG_INFO = NO;
				PRODUCT_BUNDLE_IDENTIFIER = "com.proxpero.iOS-Tests";
				PRODUCT_NAME = "$(TARGET_NAME)";
				SDKROOT = iphoneos;
				SWIFT_OPTIMIZATION_LEVEL = "-Owholemodule";
				SWIFT_VERSION = 3.0;
				TEST_HOST = "$(BUILT_PRODUCTS_DIR)/Telescope.app/Telescope";
				VALIDATE_PRODUCT = YES;
			};
			name = Release;
		};
		523A1DBD1E27081100C794EF /* Debug */ = {
			isa = XCBuildConfiguration;
			buildSettings = {
				ALWAYS_SEARCH_USER_PATHS = NO;
				BUNDLE_LOADER = "$(TEST_HOST)";
				CLANG_ANALYZER_NONNULL = YES;
				CLANG_CXX_LANGUAGE_STANDARD = "gnu++0x";
				CLANG_CXX_LIBRARY = "libc++";
				CLANG_ENABLE_MODULES = YES;
				CLANG_ENABLE_OBJC_ARC = YES;
				CLANG_WARN_BOOL_CONVERSION = YES;
				CLANG_WARN_CONSTANT_CONVERSION = YES;
				CLANG_WARN_DIRECT_OBJC_ISA_USAGE = YES_ERROR;
				CLANG_WARN_DOCUMENTATION_COMMENTS = YES;
				CLANG_WARN_EMPTY_BODY = YES;
				CLANG_WARN_ENUM_CONVERSION = YES;
				CLANG_WARN_INFINITE_RECURSION = YES;
				CLANG_WARN_INT_CONVERSION = YES;
				CLANG_WARN_OBJC_ROOT_CLASS = YES_ERROR;
				CLANG_WARN_SUSPICIOUS_MOVE = YES;
				CLANG_WARN_UNREACHABLE_CODE = YES;
				CLANG_WARN__DUPLICATE_METHOD_MATCH = YES;
				CODE_SIGN_IDENTITY = "Mac Developer";
				COMBINE_HIDPI_IMAGES = YES;
				COPY_PHASE_STRIP = NO;
				DEBUG_INFORMATION_FORMAT = dwarf;
				DEVELOPMENT_TEAM = 55SVD8WGE3;
				ENABLE_STRICT_OBJC_MSGSEND = YES;
				ENABLE_TESTABILITY = YES;
				GCC_C_LANGUAGE_STANDARD = gnu99;
				GCC_DYNAMIC_NO_PIC = NO;
				GCC_NO_COMMON_BLOCKS = YES;
				GCC_OPTIMIZATION_LEVEL = 0;
				GCC_PREPROCESSOR_DEFINITIONS = (
					"DEBUG=1",
					"$(inherited)",
				);
				GCC_WARN_64_TO_32_BIT_CONVERSION = YES;
				GCC_WARN_ABOUT_RETURN_TYPE = YES_ERROR;
				GCC_WARN_UNDECLARED_SELECTOR = YES;
				GCC_WARN_UNINITIALIZED_AUTOS = YES_AGGRESSIVE;
				GCC_WARN_UNUSED_FUNCTION = YES;
				GCC_WARN_UNUSED_VARIABLE = YES;
				INFOPLIST_FILE = "macOS Tests/Info.plist";
				LD_RUNPATH_SEARCH_PATHS = "$(inherited) @executable_path/../Frameworks @loader_path/../Frameworks";
				MACOSX_DEPLOYMENT_TARGET = 10.12;
				MTL_ENABLE_DEBUG_INFO = YES;
				ONLY_ACTIVE_ARCH = YES;
				PRODUCT_BUNDLE_IDENTIFIER = "com.proxpero.macOS-Tests";
				PRODUCT_NAME = "$(TARGET_NAME)";
				SDKROOT = macosx;
				SWIFT_ACTIVE_COMPILATION_CONDITIONS = DEBUG;
				SWIFT_OPTIMIZATION_LEVEL = "-Onone";
				SWIFT_VERSION = 3.0;
				TEST_HOST = "$(BUILT_PRODUCTS_DIR)/Telescope macOS.app/Contents/MacOS/Telescope macOS";
			};
			name = Debug;
		};
		523A1DBE1E27081100C794EF /* Release */ = {
			isa = XCBuildConfiguration;
			buildSettings = {
				ALWAYS_SEARCH_USER_PATHS = NO;
				BUNDLE_LOADER = "$(TEST_HOST)";
				CLANG_ANALYZER_NONNULL = YES;
				CLANG_CXX_LANGUAGE_STANDARD = "gnu++0x";
				CLANG_CXX_LIBRARY = "libc++";
				CLANG_ENABLE_MODULES = YES;
				CLANG_ENABLE_OBJC_ARC = YES;
				CLANG_WARN_BOOL_CONVERSION = YES;
				CLANG_WARN_CONSTANT_CONVERSION = YES;
				CLANG_WARN_DIRECT_OBJC_ISA_USAGE = YES_ERROR;
				CLANG_WARN_DOCUMENTATION_COMMENTS = YES;
				CLANG_WARN_EMPTY_BODY = YES;
				CLANG_WARN_ENUM_CONVERSION = YES;
				CLANG_WARN_INFINITE_RECURSION = YES;
				CLANG_WARN_INT_CONVERSION = YES;
				CLANG_WARN_OBJC_ROOT_CLASS = YES_ERROR;
				CLANG_WARN_SUSPICIOUS_MOVE = YES;
				CLANG_WARN_UNREACHABLE_CODE = YES;
				CLANG_WARN__DUPLICATE_METHOD_MATCH = YES;
				CODE_SIGN_IDENTITY = "Mac Developer";
				COMBINE_HIDPI_IMAGES = YES;
				COPY_PHASE_STRIP = NO;
				DEBUG_INFORMATION_FORMAT = "dwarf-with-dsym";
				DEVELOPMENT_TEAM = 55SVD8WGE3;
				ENABLE_NS_ASSERTIONS = NO;
				ENABLE_STRICT_OBJC_MSGSEND = YES;
				GCC_C_LANGUAGE_STANDARD = gnu99;
				GCC_NO_COMMON_BLOCKS = YES;
				GCC_WARN_64_TO_32_BIT_CONVERSION = YES;
				GCC_WARN_ABOUT_RETURN_TYPE = YES_ERROR;
				GCC_WARN_UNDECLARED_SELECTOR = YES;
				GCC_WARN_UNINITIALIZED_AUTOS = YES_AGGRESSIVE;
				GCC_WARN_UNUSED_FUNCTION = YES;
				GCC_WARN_UNUSED_VARIABLE = YES;
				INFOPLIST_FILE = "macOS Tests/Info.plist";
				LD_RUNPATH_SEARCH_PATHS = "$(inherited) @executable_path/../Frameworks @loader_path/../Frameworks";
				MACOSX_DEPLOYMENT_TARGET = 10.12;
				MTL_ENABLE_DEBUG_INFO = NO;
				PRODUCT_BUNDLE_IDENTIFIER = "com.proxpero.macOS-Tests";
				PRODUCT_NAME = "$(TARGET_NAME)";
				SDKROOT = macosx;
				SWIFT_OPTIMIZATION_LEVEL = "-Owholemodule";
				SWIFT_VERSION = 3.0;
				TEST_HOST = "$(BUILT_PRODUCTS_DIR)/Telescope macOS.app/Contents/MacOS/Telescope macOS";
			};
			name = Release;
		};
/* End XCBuildConfiguration section */

/* Begin XCConfigurationList section */
		523A1CD41E2690D200C794EF /* Build configuration list for PBXProject "Telescope" */ = {
			isa = XCConfigurationList;
			buildConfigurations = (
				523A1CD51E2690D200C794EF /* Debug */,
				523A1CD61E2690D200C794EF /* Release */,
			);
			defaultConfigurationIsVisible = 0;
			defaultConfigurationName = Release;
		};
		523A1CF61E2690EA00C794EF /* Build configuration list for PBXNativeTarget "Telescope iOS" */ = {
			isa = XCConfigurationList;
			buildConfigurations = (
				523A1CF71E2690EA00C794EF /* Debug */,
				523A1CF81E2690EA00C794EF /* Release */,
			);
			defaultConfigurationIsVisible = 0;
		};
		523A1D521E26BCAD00C794EF /* Build configuration list for PBXNativeTarget "Telescope macOS" */ = {
			isa = XCConfigurationList;
			buildConfigurations = (
				523A1D531E26BCAD00C794EF /* Debug */,
				523A1D541E26BCAD00C794EF /* Release */,
			);
			defaultConfigurationIsVisible = 0;
		};
		523A1DAE1E2707FA00C794EF /* Build configuration list for PBXNativeTarget "iOS Tests" */ = {
			isa = XCConfigurationList;
			buildConfigurations = (
				523A1DAF1E2707FA00C794EF /* Debug */,
				523A1DB01E2707FA00C794EF /* Release */,
			);
			defaultConfigurationIsVisible = 0;
		};
		523A1DBC1E27081100C794EF /* Build configuration list for PBXNativeTarget "macOS Tests" */ = {
			isa = XCConfigurationList;
			buildConfigurations = (
				523A1DBD1E27081100C794EF /* Debug */,
				523A1DBE1E27081100C794EF /* Release */,
			);
			defaultConfigurationIsVisible = 0;
		};
/* End XCConfigurationList section */
	};
	rootObject = 523A1CD11E2690D200C794EF /* Project object */;
}
